
Microsoft Visual Studio Solution File, Format Version 12.00
# Visual Studio Version 17
VisualStudioVersion = 17.5.33530.505
MinimumVisualStudioVersion = 10.0.40219.1
Project("{FAE04EC0-301F-11D3-BF4B-00C04F79EFBC}") = "phone_book", "phone_book.csproj", "{52755D80-6242-4831-BD42-48D40B32898D}"
EndProject
Global
	GlobalSection(SolutionConfigurationPlatforms) = preSolution
		Debug|Any CPU = Debug|Any CPU
		Release|Any CPU = Release|Any CPU
	EndGlobalSection
	GlobalSection(ProjectConfigurationPlatforms) = postSolution
		{52755D80-6242-4831-BD42-48D40B32898D}.Debug|Any CPU.ActiveCfg = Debug|Any CPU
		{52755D80-6242-4831-BD42-48D40B32898D}.Debug|Any CPU.Build.0 = Debug|Any CPU
		{52755D80-6242-4831-BD42-48D40B32898D}.Release|Any CPU.ActiveCfg = Release|Any CPU
		{52755D80-6242-4831-BD42-48D40B32898D}.Release|Any CPU.Build.0 = Release|Any CPU
	EndGlobalSection
	GlobalSection(SolutionProperties) = preSolution
		HideSolutionNode = FALSE
	EndGlobalSection
	GlobalSection(ExtensibilityGlobals) = postSolution
		SolutionGuid = {8CD0A2EA-7220-4B02-8AB1-F9D005AB0131}
	EndGlobalSection
EndGlobal
