
Microsoft Visual Studio Solution File, Format Version 12.00
# Visual Studio Version 17
VisualStudioVersion = 17.5.33530.505
MinimumVisualStudioVersion = 10.0.40219.1
Project("{FAE04EC0-301F-11D3-BF4B-00C04F79EFBC}") = "kniga", "kniga.csproj", "{BF3B967A-B071-454C-91E9-078541A4076C}"
EndProject
Global
	GlobalSection(SolutionConfigurationPlatforms) = preSolution
		Debug|Any CPU = Debug|Any CPU
		Release|Any CPU = Release|Any CPU
	EndGlobalSection
	GlobalSection(ProjectConfigurationPlatforms) = postSolution
		{BF3B967A-B071-454C-91E9-078541A4076C}.Debug|Any CPU.ActiveCfg = Debug|Any CPU
		{BF3B967A-B071-454C-91E9-078541A4076C}.Debug|Any CPU.Build.0 = Debug|Any CPU
		{BF3B967A-B071-454C-91E9-078541A4076C}.Release|Any CPU.ActiveCfg = Release|Any CPU
		{BF3B967A-B071-454C-91E9-078541A4076C}.Release|Any CPU.Build.0 = Release|Any CPU
	EndGlobalSection
	GlobalSection(SolutionProperties) = preSolution
		HideSolutionNode = FALSE
	EndGlobalSection
	GlobalSection(ExtensibilityGlobals) = postSolution
		SolutionGuid = {F66C452B-9840-419F-820E-1D3C11CA841C}
	EndGlobalSection
EndGlobal
